Microsoft Visual Studio Solution File, Format Version 11.00
# Visual Studio 2008

Project("{36D0131F-EE1F-0BFD-7BA6-2FA14612EF33}") = "March10", "Assembly-CSharp-firstpass.csproj", "{6AD7F2C6-C3AC-2A24-CB57-432054B62718}"
EndProject
Project("{36D0131F-EE1F-0BFD-7BA6-2FA14612EF33}") = "March10", "Assembly-CSharp.csproj", "{58CF3E30-0E92-5287-33C8-4F58DFD48BD0}"
EndProject
Project("{36D0131F-EE1F-0BFD-7BA6-2FA14612EF33}") = "March10", "Assembly-CSharp-Editor.csproj", "{1FA0D82E-85B8-12D1-8CEE-40FB8580463F}"
EndProject
Project("{36D0131F-EE1F-0BFD-7BA6-2FA14612EF33}") = "March10", "Assembly-Boo.booproj", "{8E787654-EAB9-C431-B0C8-279D932D8D52}"
EndProject
Project("{36D0131F-EE1F-0BFD-7BA6-2FA14612EF33}") = "March10", "Assembly-UnityScript-firstpass.unityproj", "{8B5D5442-556F-5F8E-4FB7-AD9E7A7EF25E}"
EndProject
Project("{36D0131F-EE1F-0BFD-7BA6-2FA14612EF33}") = "March10", "Assembly-UnityScript.unityproj", "{2B401D15-0A8A-4C66-E2F9-B3C6376B8195}"
EndProject
Global
	GlobalSection(SolutionConfigurationPlatforms) = preSolution
		Debug|Any CPU = Debug|Any CPU
		Release|Any CPU = Release|Any CPU
	EndGlobalSection
	GlobalSection(ProjectConfigurationPlatforms) = postSolution
		{6AD7F2C6-C3AC-2A24-CB57-432054B62718}.Debug|Any CPU.ActiveCfg = Debug|Any CPU
		{6AD7F2C6-C3AC-2A24-CB57-432054B62718}.Debug|Any CPU.Build.0 = Debug|Any CPU
		{6AD7F2C6-C3AC-2A24-CB57-432054B62718}.Release|Any CPU.ActiveCfg = Release|Any CPU
		{6AD7F2C6-C3AC-2A24-CB57-432054B62718}.Release|Any CPU.Build.0 = Release|Any CPU
		{58CF3E30-0E92-5287-33C8-4F58DFD48BD0}.Debug|Any CPU.ActiveCfg = Debug|Any CPU
		{58CF3E30-0E92-5287-33C8-4F58DFD48BD0}.Debug|Any CPU.Build.0 = Debug|Any CPU
		{58CF3E30-0E92-5287-33C8-4F58DFD48BD0}.Release|Any CPU.ActiveCfg = Release|Any CPU
		{58CF3E30-0E92-5287-33C8-4F58DFD48BD0}.Release|Any CPU.Build.0 = Release|Any CPU
		{1FA0D82E-85B8-12D1-8CEE-40FB8580463F}.Debug|Any CPU.ActiveCfg = Debug|Any CPU
		{1FA0D82E-85B8-12D1-8CEE-40FB8580463F}.Debug|Any CPU.Build.0 = Debug|Any CPU
		{1FA0D82E-85B8-12D1-8CEE-40FB8580463F}.Release|Any CPU.ActiveCfg = Release|Any CPU
		{1FA0D82E-85B8-12D1-8CEE-40FB8580463F}.Release|Any CPU.Build.0 = Release|Any CPU
		{8E787654-EAB9-C431-B0C8-279D932D8D52}.Debug|Any CPU.ActiveCfg = Debug|Any CPU
		{8E787654-EAB9-C431-B0C8-279D932D8D52}.Debug|Any CPU.Build.0 = Debug|Any CPU
		{8E787654-EAB9-C431-B0C8-279D932D8D52}.Release|Any CPU.ActiveCfg = Release|Any CPU
		{8E787654-EAB9-C431-B0C8-279D932D8D52}.Release|Any CPU.Build.0 = Release|Any CPU
		{8B5D5442-556F-5F8E-4FB7-AD9E7A7EF25E}.Debug|Any CPU.ActiveCfg = Debug|Any CPU
		{8B5D5442-556F-5F8E-4FB7-AD9E7A7EF25E}.Debug|Any CPU.Build.0 = Debug|Any CPU
		{8B5D5442-556F-5F8E-4FB7-AD9E7A7EF25E}.Release|Any CPU.ActiveCfg = Release|Any CPU
		{8B5D5442-556F-5F8E-4FB7-AD9E7A7EF25E}.Release|Any CPU.Build.0 = Release|Any CPU
		{2B401D15-0A8A-4C66-E2F9-B3C6376B8195}.Debug|Any CPU.ActiveCfg = Debug|Any CPU
		{2B401D15-0A8A-4C66-E2F9-B3C6376B8195}.Debug|Any CPU.Build.0 = Debug|Any CPU
		{2B401D15-0A8A-4C66-E2F9-B3C6376B8195}.Release|Any CPU.ActiveCfg = Release|Any CPU
		{2B401D15-0A8A-4C66-E2F9-B3C6376B8195}.Release|Any CPU.Build.0 = Release|Any CPU
	EndGlobalSection
	GlobalSection(SolutionProperties) = preSolution
		HideSolutionNode = FALSE
	EndGlobalSection
																								GlobalSection(MonoDevelopProperties) = preSolution
		StartupItem = Assembly-CSharp.csproj
		Policies = $0
		$0.TextStylePolicy = $1
		$1.inheritsSet = null
		$1.scope = text/x-csharp
		$0.CSharpFormattingPolicy = $2
		$2.inheritsSet = Mono
		$2.inheritsScope = text/x-csharp
		$2.scope = text/x-csharp
		$0.TextStylePolicy = $3
		$3.FileWidth = 120
		$3.TabWidth = 4
		$3.IndentWidth = 4
		$3.EolMarker = Unix
		$3.inheritsSet = Mono
		$3.inheritsScope = text/plain
		$3.scope = text/plain
	EndGlobalSection

EndGlobal
